
Microsoft Visual Studio Solution File, Format Version 11.00
# Visual Studio 2010
Project("{FAE04EC0-301F-11D3-BF4B-00C04F79EFBC}") = "Forget Perspective", "Assembly-CSharp.csproj", "{CA25C87C-AD1A-9943-B6E1-864AD2E5394C}"
EndProject
Project("{FAE04EC0-301F-11D3-BF4B-00C04F79EFBC}") = "Forget Perspective", "Assembly-CSharp-Editor.csproj", "{36A31666-5EE3-A542-A169-FF6B3C7C6E33}"
EndProject
Global
	GlobalSection(SolutionConfigurationPlatforms) = preSolution
		Debug|Any CPU = Debug|Any CPU
		Release|Any CPU = Release|Any CPU
	EndGlobalSection
	GlobalSection(ProjectConfigurationPlatforms) = postSolution
		{CA25C87C-AD1A-9943-B6E1-864AD2E5394C}.Debug|Any CPU.ActiveCfg = Debug|Any CPU
		{CA25C87C-AD1A-9943-B6E1-864AD2E5394C}.Debug|Any CPU.Build.0 = Debug|Any CPU
		{CA25C87C-AD1A-9943-B6E1-864AD2E5394C}.Release|Any CPU.ActiveCfg = Release|Any CPU
		{CA25C87C-AD1A-9943-B6E1-864AD2E5394C}.Release|Any CPU.Build.0 = Release|Any CPU
		{36A31666-5EE3-A542-A169-FF6B3C7C6E33}.Debug|Any CPU.ActiveCfg = Debug|Any CPU
		{36A31666-5EE3-A542-A169-FF6B3C7C6E33}.Debug|Any CPU.Build.0 = Debug|Any CPU
		{36A31666-5EE3-A542-A169-FF6B3C7C6E33}.Release|Any CPU.ActiveCfg = Release|Any CPU
		{36A31666-5EE3-A542-A169-FF6B3C7C6E33}.Release|Any CPU.Build.0 = Release|Any CPU
	EndGlobalSection
	GlobalSection(SolutionProperties) = preSolution
		HideSolutionNode = FALSE
	EndGlobalSection
	GlobalSection(MonoDevelopProperties) = preSolution
		StartupItem = Assembly-CSharp.csproj
	EndGlobalSection
EndGlobal
