
Microsoft Visual Studio Solution File, Format Version 11.00
# Visual Studio 2010
Project("{FAE04EC0-301F-11D3-BF4B-00C04F79EFBC}") = "Assembly-CSharp", "Assembly-CSharp.csproj", "{855B0E41-3E57-8BE5-2293-1FF3BB437E9D}"
EndProject
Project("{FAE04EC0-301F-11D3-BF4B-00C04F79EFBC}") = "Assembly-CSharp-Editor", "Assembly-CSharp-Editor.csproj", "{A21210AD-89AE-EEA9-1432-99FCF49C24CE}"
EndProject
Global
	GlobalSection(SolutionConfigurationPlatforms) = preSolution
		Debug|Any CPU = Debug|Any CPU
		Release|Any CPU = Release|Any CPU
	EndGlobalSection
	GlobalSection(ProjectConfigurationPlatforms) = postSolution
		{855B0E41-3E57-8BE5-2293-1FF3BB437E9D}.Debug|Any CPU.ActiveCfg = Debug|Any CPU
		{855B0E41-3E57-8BE5-2293-1FF3BB437E9D}.Debug|Any CPU.Build.0 = Debug|Any CPU
		{855B0E41-3E57-8BE5-2293-1FF3BB437E9D}.Release|Any CPU.ActiveCfg = Release|Any CPU
		{855B0E41-3E57-8BE5-2293-1FF3BB437E9D}.Release|Any CPU.Build.0 = Release|Any CPU
		{A21210AD-89AE-EEA9-1432-99FCF49C24CE}.Debug|Any CPU.ActiveCfg = Debug|Any CPU
		{A21210AD-89AE-EEA9-1432-99FCF49C24CE}.Debug|Any CPU.Build.0 = Debug|Any CPU
		{A21210AD-89AE-EEA9-1432-99FCF49C24CE}.Release|Any CPU.ActiveCfg = Release|Any CPU
		{A21210AD-89AE-EEA9-1432-99FCF49C24CE}.Release|Any CPU.Build.0 = Release|Any CPU
	EndGlobalSection
	GlobalSection(SolutionProperties) = preSolution
		HideSolutionNode = FALSE
	EndGlobalSection
	GlobalSection(MonoDevelopProperties) = preSolution
		StartupItem = Assembly-CSharp.csproj
	EndGlobalSection
EndGlobal
